Microsoft Visual Studio Solution File, Format Version 12.00
# Visual Studio Version 17
VisualStudioVersion = 17.5.2.0
MinimumVisualStudioVersion = 10.0.40219.1
Project("{2150E333-8FDC-42A3-9474-1A3956D46DE8}") = "src", "src", "{827E0CD3-B72D-47B6-A68D-7590B98EB39B}"
EndProject
Project("{FAE04EC0-301F-11D3-BF4B-00C04F79EFBC}") = "ProvaVida.Dominio", "src\ProvaVida.Dominio\ProvaVida.Dominio.csproj", "{01CA9DC2-4637-1403-1DB2-36B289ED7BBC}"
EndProject
Project("{FAE04EC0-301F-11D3-BF4B-00C04F79EFBC}") = "ProvaVida.Infraestrutura", "src\ProvaVida.Infraestrutura\ProvaVida.Infraestrutura.csproj", "{99C531C9-33C1-49E5-9037-1426B19F69DA}"
EndProject
Project("{2150E333-8FDC-42A3-9474-1A3956D46DE8}") = "tests", "tests", "{5A534B3B-B494-4431-A007-0217279453AC}"
EndProject
Project("{FAE04EC0-301F-11D3-BF4B-00C04F79EFBC}") = "ProvaVida.Dominio.Tests", "tests\ProvaVida.Dominio.Tests\ProvaVida.Dominio.Tests.csproj", "{452D14FB-46E0-45B3-8320-B115922AAAB8}"
EndProject
Project("{FAE04EC0-301F-11D3-BF4B-00C04F79EFBC}") = "ProvaVida.Infraestrutura.Tests", "tests\ProvaVida.Infraestrutura.Tests\ProvaVida.Infraestrutura.Tests.csproj", "{F5C4F3CA-1572-4246-B098-21C76C91E1CE}"
EndProject
Global
	GlobalSection(SolutionConfigurationPlatforms) = preSolution
		Debug|Any CPU = Debug|Any CPU
		Release|Any CPU = Release|Any CPU
	EndGlobalSection
	GlobalSection(ProjectConfigurationPlatforms) = postSolution
		{01CA9DC2-4637-1403-1DB2-36B289ED7BBC}.Debug|Any CPU.ActiveCfg = Debug|Any CPU
		{01CA9DC2-4637-1403-1DB2-36B289ED7BBC}.Debug|Any CPU.Build.0 = Debug|Any CPU
		{01CA9DC2-4637-1403-1DB2-36B289ED7BBC}.Release|Any CPU.ActiveCfg = Release|Any CPU
		{01CA9DC2-4637-1403-1DB2-36B289ED7BBC}.Release|Any CPU.Build.0 = Release|Any CPU
		{99C531C9-33C1-49E5-9037-1426B19F69DA}.Debug|Any CPU.ActiveCfg = Debug|Any CPU
		{99C531C9-33C1-49E5-9037-1426B19F69DA}.Debug|Any CPU.Build.0 = Debug|Any CPU
		{99C531C9-33C1-49E5-9037-1426B19F69DA}.Release|Any CPU.ActiveCfg = Release|Any CPU
		{99C531C9-33C1-49E5-9037-1426B19F69DA}.Release|Any CPU.Build.0 = Release|Any CPU
		{452D14FB-46E0-45B3-8320-B115922AAAB8}.Debug|Any CPU.ActiveCfg = Debug|Any CPU
		{452D14FB-46E0-45B3-8320-B115922AAAB8}.Debug|Any CPU.Build.0 = Debug|Any CPU
		{452D14FB-46E0-45B3-8320-B115922AAAB8}.Release|Any CPU.ActiveCfg = Release|Any CPU
		{452D14FB-46E0-45B3-8320-B115922AAAB8}.Release|Any CPU.Build.0 = Release|Any CPU
		{F5C4F3CA-1572-4246-B098-21C76C91E1CE}.Debug|Any CPU.ActiveCfg = Debug|Any CPU
		{F5C4F3CA-1572-4246-B098-21C76C91E1CE}.Debug|Any CPU.Build.0 = Debug|Any CPU
		{F5C4F3CA-1572-4246-B098-21C76C91E1CE}.Release|Any CPU.ActiveCfg = Release|Any CPU
		{F5C4F3CA-1572-4246-B098-21C76C91E1CE}.Release|Any CPU.Build.0 = Release|Any CPU
	EndGlobalSection
	GlobalSection(SolutionProperties) = preSolution
		HideSolutionNode = FALSE
	EndGlobalSection
	GlobalSection(NestedProjects) = preSolution
		{01CA9DC2-4637-1403-1DB2-36B289ED7BBC} = {827E0CD3-B72D-47B6-A68D-7590B98EB39B}
		{99C531C9-33C1-49E5-9037-1426B19F69DA} = {827E0CD3-B72D-47B6-A68D-7590B98EB39B}
		{452D14FB-46E0-45B3-8320-B115922AAAB8} = {5A534B3B-B494-4431-A007-0217279453AC}
		{F5C4F3CA-1572-4246-B098-21C76C91E1CE} = {5A534B3B-B494-4431-A007-0217279453AC}
	EndGlobalSection
	GlobalSection(ExtensibilityGlobals) = postSolution
		SolutionGuid = {33DBE39E-CB92-489B-97D1-B05F16D11B28}
	EndGlobalSection
EndGlobal
