<Solution>
  <Folder Name="/mobile/">
    <Project Path="mobile/ProvaVida.Maui/ProvaVida.Maui.csproj" />
  </Folder>
  <Folder Name="/src/">
    <Project Path="src/ProvaVida.Api/ProvaVida.Api.csproj" />
    <Project Path="src/ProvaVida.Application/ProvaVida.Application.csproj" />
    <Project Path="src/ProvaVida.Domain/ProvaVida.Domain.csproj" />
    <Project Path="src/ProvaVida.Infrastructure/ProvaVida.Infrastructure.csproj" />
  </Folder>
  <Folder Name="/tests/">
    <Project Path="tests/ProvaVida.Application.Tests/ProvaVida.Application.Tests.csproj" />
    <Project Path="tests/ProvaVida.IntegrationTests/ProvaVida.IntegrationTests.csproj" />
  </Folder>
</Solution>
